
Microsoft Visual Studio Solution File, Format Version 12.00
# Visual Studio Version 16
VisualStudioVersion = 16.0.29709.97
MinimumVisualStudioVersion = 10.0.40219.1
Project("{FAE04EC0-301F-11D3-BF4B-00C04F79EFBC}") = "Play", "Play.csproj", "{ED7082BE-8EA7-49F4-B96E-47DD4F3D47CE}"
EndProject
Project("{9A19103F-16F7-4668-BE54-9A1E7A4F7556}") = "StorageInitializer", "..\StorageInitializer\StorageInitializer.csproj", "{A095873B-A736-4E8A-B0D1-AD0D098452BC}"
EndProject
Project("{9A19103F-16F7-4668-BE54-9A1E7A4F7556}") = "DataAccess", "..\DataAccess\DataAccess.csproj", "{C26E7BEA-5248-4423-B876-5E7084193187}"
EndProject
Project("{FAE04EC0-301F-11D3-BF4B-00C04F79EFBC}") = "Business", "..\Business\Business.csproj", "{956E8948-58CC-4B1E-9930-FFFFE86AABFF}"
EndProject
Project("{FAE04EC0-301F-11D3-BF4B-00C04F79EFBC}") = "Repository", "..\Repository\Repository.csproj", "{81276A9C-A53C-4EF0-8771-60F7E807CF95}"
EndProject
Global
	GlobalSection(SolutionConfigurationPlatforms) = preSolution
		Debug|Any CPU = Debug|Any CPU
		Release|Any CPU = Release|Any CPU
	EndGlobalSection
	GlobalSection(ProjectConfigurationPlatforms) = postSolution
		{ED7082BE-8EA7-49F4-B96E-47DD4F3D47CE}.Debug|Any CPU.ActiveCfg = Debug|Any CPU
		{ED7082BE-8EA7-49F4-B96E-47DD4F3D47CE}.Debug|Any CPU.Build.0 = Debug|Any CPU
		{ED7082BE-8EA7-49F4-B96E-47DD4F3D47CE}.Release|Any CPU.ActiveCfg = Release|Any CPU
		{ED7082BE-8EA7-49F4-B96E-47DD4F3D47CE}.Release|Any CPU.Build.0 = Release|Any CPU
		{A095873B-A736-4E8A-B0D1-AD0D098452BC}.Debug|Any CPU.ActiveCfg = Debug|Any CPU
		{A095873B-A736-4E8A-B0D1-AD0D098452BC}.Debug|Any CPU.Build.0 = Debug|Any CPU
		{A095873B-A736-4E8A-B0D1-AD0D098452BC}.Release|Any CPU.ActiveCfg = Release|Any CPU
		{A095873B-A736-4E8A-B0D1-AD0D098452BC}.Release|Any CPU.Build.0 = Release|Any CPU
		{C26E7BEA-5248-4423-B876-5E7084193187}.Debug|Any CPU.ActiveCfg = Debug|Any CPU
		{C26E7BEA-5248-4423-B876-5E7084193187}.Debug|Any CPU.Build.0 = Debug|Any CPU
		{C26E7BEA-5248-4423-B876-5E7084193187}.Release|Any CPU.ActiveCfg = Release|Any CPU
		{C26E7BEA-5248-4423-B876-5E7084193187}.Release|Any CPU.Build.0 = Release|Any CPU
		{956E8948-58CC-4B1E-9930-FFFFE86AABFF}.Debug|Any CPU.ActiveCfg = Debug|Any CPU
		{956E8948-58CC-4B1E-9930-FFFFE86AABFF}.Debug|Any CPU.Build.0 = Debug|Any CPU
		{956E8948-58CC-4B1E-9930-FFFFE86AABFF}.Release|Any CPU.ActiveCfg = Release|Any CPU
		{956E8948-58CC-4B1E-9930-FFFFE86AABFF}.Release|Any CPU.Build.0 = Release|Any CPU
		{81276A9C-A53C-4EF0-8771-60F7E807CF95}.Debug|Any CPU.ActiveCfg = Debug|Any CPU
		{81276A9C-A53C-4EF0-8771-60F7E807CF95}.Debug|Any CPU.Build.0 = Debug|Any CPU
		{81276A9C-A53C-4EF0-8771-60F7E807CF95}.Release|Any CPU.ActiveCfg = Release|Any CPU
		{81276A9C-A53C-4EF0-8771-60F7E807CF95}.Release|Any CPU.Build.0 = Release|Any CPU
	EndGlobalSection
	GlobalSection(SolutionProperties) = preSolution
		HideSolutionNode = FALSE
	EndGlobalSection
	GlobalSection(ExtensibilityGlobals) = postSolution
		SolutionGuid = {3067FBC6-FA94-4F1F-9E98-E25053E39025}
	EndGlobalSection
EndGlobal
